
Microsoft Visual Studio Solution File, Format Version 12.00
Project("{FAE04EC0-301F-11D3-BF4B-00C04F79EFBC}") = "Roamler.API", "Roamler.API\Roamler.API.csproj", "{78FF782B-5DFC-486E-A723-7FC27EEAC122}"
EndProject
Global
	GlobalSection(SolutionConfigurationPlatforms) = preSolution
		Debug|Any CPU = Debug|Any CPU
		Release|Any CPU = Release|Any CPU
	EndGlobalSection
	GlobalSection(ProjectConfigurationPlatforms) = postSolution
		{78FF782B-5DFC-486E-A723-7FC27EEAC122}.Debug|Any CPU.ActiveCfg = Debug|Any CPU
		{78FF782B-5DFC-486E-A723-7FC27EEAC122}.Debug|Any CPU.Build.0 = Debug|Any CPU
		{78FF782B-5DFC-486E-A723-7FC27EEAC122}.Release|Any CPU.ActiveCfg = Release|Any CPU
		{78FF782B-5DFC-486E-A723-7FC27EEAC122}.Release|Any CPU.Build.0 = Release|Any CPU
	EndGlobalSection
EndGlobal
