
Microsoft Visual Studio Solution File, Format Version 12.00
Project("{FAE04EC0-301F-11D3-BF4B-00C04F79EFBC}") = "Roamler.API", "Roamler.API\Roamler.API.csproj", "{78FF782B-5DFC-486E-A723-7FC27EEAC122}"
EndProject
Project("{FAE04EC0-301F-11D3-BF4B-00C04F79EFBC}") = "Roamler.Application", "Roamler.Application\Roamler.Application.csproj", "{C8299FB0-81C5-4560-AB0B-3835B081DB49}"
EndProject
Project("{FAE04EC0-301F-11D3-BF4B-00C04F79EFBC}") = "Roamler.Common", "Roamler.Common\Roamler.Common.csproj", "{DB30874C-5BCF-4B95-AB1D-A9F795CEE775}"
EndProject
Project("{FAE04EC0-301F-11D3-BF4B-00C04F79EFBC}") = "Roamler.Infrastructure", "Roamler.Infrastructure\Roamler.Infrastructure.csproj", "{23461D3D-DE7B-4521-A9AC-C6A6ECFF3B62}"
EndProject
Project("{FAE04EC0-301F-11D3-BF4B-00C04F79EFBC}") = "Roamler.Domain", "Roamler.Domain\Roamler.Domain.csproj", "{0260A0E7-BAE0-430E-B31C-D808A784D2BF}"
EndProject
Project("{FAE04EC0-301F-11D3-BF4B-00C04F79EFBC}") = "UnitTests", "UnitTests\UnitTests.csproj", "{3B41CCCE-20A2-4152-A67B-8D17C2AB2C69}"
EndProject
Project("{2150E333-8FDC-42A3-9474-1A3956D46DE8}") = "Tests", "Tests", "{860F06E2-4E63-4201-9A77-8F8158BDE9FB}"
EndProject
Project("{FAE04EC0-301F-11D3-BF4B-00C04F79EFBC}") = "IntegrationTests", "IntegrationTests\IntegrationTests.csproj", "{7DE85305-5981-405F-AFE5-A0C31B36DB20}"
EndProject
Global
	GlobalSection(SolutionConfigurationPlatforms) = preSolution
		Debug|Any CPU = Debug|Any CPU
		Release|Any CPU = Release|Any CPU
	EndGlobalSection
	GlobalSection(ProjectConfigurationPlatforms) = postSolution
		{78FF782B-5DFC-486E-A723-7FC27EEAC122}.Debug|Any CPU.ActiveCfg = Debug|Any CPU
		{78FF782B-5DFC-486E-A723-7FC27EEAC122}.Debug|Any CPU.Build.0 = Debug|Any CPU
		{78FF782B-5DFC-486E-A723-7FC27EEAC122}.Release|Any CPU.ActiveCfg = Release|Any CPU
		{78FF782B-5DFC-486E-A723-7FC27EEAC122}.Release|Any CPU.Build.0 = Release|Any CPU
		{C8299FB0-81C5-4560-AB0B-3835B081DB49}.Debug|Any CPU.ActiveCfg = Debug|Any CPU
		{C8299FB0-81C5-4560-AB0B-3835B081DB49}.Debug|Any CPU.Build.0 = Debug|Any CPU
		{C8299FB0-81C5-4560-AB0B-3835B081DB49}.Release|Any CPU.ActiveCfg = Release|Any CPU
		{C8299FB0-81C5-4560-AB0B-3835B081DB49}.Release|Any CPU.Build.0 = Release|Any CPU
		{DB30874C-5BCF-4B95-AB1D-A9F795CEE775}.Debug|Any CPU.ActiveCfg = Debug|Any CPU
		{DB30874C-5BCF-4B95-AB1D-A9F795CEE775}.Debug|Any CPU.Build.0 = Debug|Any CPU
		{DB30874C-5BCF-4B95-AB1D-A9F795CEE775}.Release|Any CPU.ActiveCfg = Release|Any CPU
		{DB30874C-5BCF-4B95-AB1D-A9F795CEE775}.Release|Any CPU.Build.0 = Release|Any CPU
		{23461D3D-DE7B-4521-A9AC-C6A6ECFF3B62}.Debug|Any CPU.ActiveCfg = Debug|Any CPU
		{23461D3D-DE7B-4521-A9AC-C6A6ECFF3B62}.Debug|Any CPU.Build.0 = Debug|Any CPU
		{23461D3D-DE7B-4521-A9AC-C6A6ECFF3B62}.Release|Any CPU.ActiveCfg = Release|Any CPU
		{23461D3D-DE7B-4521-A9AC-C6A6ECFF3B62}.Release|Any CPU.Build.0 = Release|Any CPU
		{0260A0E7-BAE0-430E-B31C-D808A784D2BF}.Debug|Any CPU.ActiveCfg = Debug|Any CPU
		{0260A0E7-BAE0-430E-B31C-D808A784D2BF}.Debug|Any CPU.Build.0 = Debug|Any CPU
		{0260A0E7-BAE0-430E-B31C-D808A784D2BF}.Release|Any CPU.ActiveCfg = Release|Any CPU
		{0260A0E7-BAE0-430E-B31C-D808A784D2BF}.Release|Any CPU.Build.0 = Release|Any CPU
		{3B41CCCE-20A2-4152-A67B-8D17C2AB2C69}.Debug|Any CPU.ActiveCfg = Debug|Any CPU
		{3B41CCCE-20A2-4152-A67B-8D17C2AB2C69}.Debug|Any CPU.Build.0 = Debug|Any CPU
		{3B41CCCE-20A2-4152-A67B-8D17C2AB2C69}.Release|Any CPU.ActiveCfg = Release|Any CPU
		{3B41CCCE-20A2-4152-A67B-8D17C2AB2C69}.Release|Any CPU.Build.0 = Release|Any CPU
		{7DE85305-5981-405F-AFE5-A0C31B36DB20}.Debug|Any CPU.ActiveCfg = Debug|Any CPU
		{7DE85305-5981-405F-AFE5-A0C31B36DB20}.Debug|Any CPU.Build.0 = Debug|Any CPU
		{7DE85305-5981-405F-AFE5-A0C31B36DB20}.Release|Any CPU.ActiveCfg = Release|Any CPU
		{7DE85305-5981-405F-AFE5-A0C31B36DB20}.Release|Any CPU.Build.0 = Release|Any CPU
	EndGlobalSection
	GlobalSection(NestedProjects) = preSolution
		{3B41CCCE-20A2-4152-A67B-8D17C2AB2C69} = {860F06E2-4E63-4201-9A77-8F8158BDE9FB}
		{7DE85305-5981-405F-AFE5-A0C31B36DB20} = {860F06E2-4E63-4201-9A77-8F8158BDE9FB}
	EndGlobalSection
EndGlobal
